
Microsoft Visual Studio Solution File, Format Version 12.00
# Visual Studio Version 17
VisualStudioVersion = 17.8.34330.188
MinimumVisualStudioVersion = 10.0.40219.1
Project("{FAE04EC0-301F-11D3-BF4B-00C04F79EFBC}") = "AndroidWebService", "AndroidWebService\AndroidWebService.csproj", "{898C8212-1C97-4F0C-8BBD-358C8AD9B2B3}"
EndProject
Global
	GlobalSection(SolutionConfigurationPlatforms) = preSolution
		Debug|Any CPU = Debug|Any CPU
		Release|Any CPU = Release|Any CPU
	EndGlobalSection
	GlobalSection(ProjectConfigurationPlatforms) = postSolution
		{898C8212-1C97-4F0C-8BBD-358C8AD9B2B3}.Debug|Any CPU.ActiveCfg = Debug|Any CPU
		{898C8212-1C97-4F0C-8BBD-358C8AD9B2B3}.Debug|Any CPU.Build.0 = Debug|Any CPU
		{898C8212-1C97-4F0C-8BBD-358C8AD9B2B3}.Release|Any CPU.ActiveCfg = Release|Any CPU
		{898C8212-1C97-4F0C-8BBD-358C8AD9B2B3}.Release|Any CPU.Build.0 = Release|Any CPU
	EndGlobalSection
	GlobalSection(SolutionProperties) = preSolution
		HideSolutionNode = FALSE
	EndGlobalSection
	GlobalSection(ExtensibilityGlobals) = postSolution
		SolutionGuid = {FB229A14-023C-4139-80BF-FCF45218D08A}
	EndGlobalSection
EndGlobal
